
Microsoft Visual Studio Solution File, Format Version 12.00
# Visual Studio Version 17
VisualStudioVersion = 17.1.32228.430
MinimumVisualStudioVersion = 10.0.40219.1
Project("{FAE04EC0-301F-11D3-BF4B-00C04F79EFBC}") = "ModelFirstSample", "ModelFirstSample\ModelFirstSample.csproj", "{B5878E43-02D7-4BD0-AC4B-7EA4E6F46CE8}"
EndProject
Project("{2150E333-8FDC-42A3-9474-1A3956D46DE8}") = "Diagrams", "Diagrams", "{9DF5D787-9124-4330-AA7D-9B1F35DD20B5}"
	ProjectSection(SolutionItems) = preProject
		Diagrams\FirstApproach.puml = Diagrams\FirstApproach.puml
		Diagrams\BetterApproach.puml = Diagrams\BetterApproach.puml
	EndProjectSection
EndProject
Project("{FAE04EC0-301F-11D3-BF4B-00C04F79EFBC}") = "CodeFirstSample", "CodeFirstSample\CodeFirstSample.csproj", "{28E35942-155F-4581-AEFE-C59A8B81CF3F}"
EndProject
Global
	GlobalSection(SolutionConfigurationPlatforms) = preSolution
		Debug|Any CPU = Debug|Any CPU
		Release|Any CPU = Release|Any CPU
	EndGlobalSection
	GlobalSection(ProjectConfigurationPlatforms) = postSolution
		{B5878E43-02D7-4BD0-AC4B-7EA4E6F46CE8}.Debug|Any CPU.ActiveCfg = Debug|Any CPU
		{B5878E43-02D7-4BD0-AC4B-7EA4E6F46CE8}.Debug|Any CPU.Build.0 = Debug|Any CPU
		{B5878E43-02D7-4BD0-AC4B-7EA4E6F46CE8}.Release|Any CPU.ActiveCfg = Release|Any CPU
		{B5878E43-02D7-4BD0-AC4B-7EA4E6F46CE8}.Release|Any CPU.Build.0 = Release|Any CPU
		{28E35942-155F-4581-AEFE-C59A8B81CF3F}.Debug|Any CPU.ActiveCfg = Debug|Any CPU
		{28E35942-155F-4581-AEFE-C59A8B81CF3F}.Debug|Any CPU.Build.0 = Debug|Any CPU
		{28E35942-155F-4581-AEFE-C59A8B81CF3F}.Release|Any CPU.ActiveCfg = Release|Any CPU
		{28E35942-155F-4581-AEFE-C59A8B81CF3F}.Release|Any CPU.Build.0 = Release|Any CPU
	EndGlobalSection
	GlobalSection(SolutionProperties) = preSolution
		HideSolutionNode = FALSE
	EndGlobalSection
	GlobalSection(ExtensibilityGlobals) = postSolution
		SolutionGuid = {E6AE62C4-2836-4F3C-AF90-70BF2519E2A1}
	EndGlobalSection
EndGlobal
